
Microsoft Visual Studio Solution File, Format Version 12.00
# Visual Studio 15
VisualStudioVersion = 15.0.26730.12
MinimumVisualStudioVersion = 10.0.40219.1
Project("{FAE04EC0-301F-11D3-BF4B-00C04F79EFBC}") = "MyCodeCamp", "MyCodeCamp\MyCodeCamp.csproj", "{776C7552-8407-4FC3-B7BB-320690964A3C}"
EndProject
Project("{9A19103F-16F7-4668-BE54-9A1E7A4F7556}") = "MyCodeCamp.Data", "MyCodeCamp.Data\MyCodeCamp.Data.csproj", "{1F11D496-B7C5-4D0B-9F81-9787C1BAFC8E}"
EndProject
Global
	GlobalSection(SolutionConfigurationPlatforms) = preSolution
		Debug|Any CPU = Debug|Any CPU
		Release|Any CPU = Release|Any CPU
	EndGlobalSection
	GlobalSection(ProjectConfigurationPlatforms) = postSolution
		{776C7552-8407-4FC3-B7BB-320690964A3C}.Debug|Any CPU.ActiveCfg = Debug|Any CPU
		{776C7552-8407-4FC3-B7BB-320690964A3C}.Debug|Any CPU.Build.0 = Debug|Any CPU
		{776C7552-8407-4FC3-B7BB-320690964A3C}.Release|Any CPU.ActiveCfg = Release|Any CPU
		{776C7552-8407-4FC3-B7BB-320690964A3C}.Release|Any CPU.Build.0 = Release|Any CPU
		{1F11D496-B7C5-4D0B-9F81-9787C1BAFC8E}.Debug|Any CPU.ActiveCfg = Debug|Any CPU
		{1F11D496-B7C5-4D0B-9F81-9787C1BAFC8E}.Debug|Any CPU.Build.0 = Debug|Any CPU
		{1F11D496-B7C5-4D0B-9F81-9787C1BAFC8E}.Release|Any CPU.ActiveCfg = Release|Any CPU
		{1F11D496-B7C5-4D0B-9F81-9787C1BAFC8E}.Release|Any CPU.Build.0 = Release|Any CPU
	EndGlobalSection
	GlobalSection(SolutionProperties) = preSolution
		HideSolutionNode = FALSE
	EndGlobalSection
	GlobalSection(ExtensibilityGlobals) = postSolution
		SolutionGuid = {3992581D-2A8D-40AA-90E7-97B38A2FD565}
	EndGlobalSection
EndGlobal
